<?xml version="1.0" encoding="utf-8"?>
<Project ToolsVersion="4.0" xmlns="http://schemas.microsoft.com/developer/msbuild/2003">
  <ItemGroup>
    <Filter Include="Source Files">
      <UniqueIdentifier>{c4893473-5442-421f-af6d-548391f9e855}</UniqueIdentifier>
      <Extensions>cpp</Extensions>
    </Filter>
    <Filter Include="Header Files">
      <UniqueIdentifier>{36776608-459a-4369-8c7e-30687927eb49}</UniqueIdentifier>
      <Extensions>h</Extensions>
    </Filter>
    <Filter Include="Miscellaneous Files">
      <UniqueIdentifier>{f6329976-e320-443f-8ac6-40cdff676d97}</UniqueIdentifier>
      <Extensions>txt</Extensions>
    </Filter>
    <Filter Include="Res">
      <UniqueIdentifier>{b6ec269b-ebd3-4057-9511-499aca9f2c88}</UniqueIdentifier>
    </Filter>
  </ItemGroup>
  <ItemGroup>
    <ClCompile Include="ActorX.cpp">
      <Filter>Source Files</Filter>
    </ClCompile>
    <ClCompile Include="ActorY.cpp">
      <Filter>Source Files</Filter>
    </ClCompile>
    <ClCompile Include="BrushExport.cpp">
      <Filter>Source Files</Filter>
    </ClCompile>
    <ClCompile Include="Dialogs.cpp">
      <Filter>Source Files</Filter>
    </ClCompile>
    <ClCompile Include="mayaHelper.cpp">
      <Filter>Source Files</Filter>
    </ClCompile>
    <ClCompile Include="MayaInterface.cpp">
      <Filter>Source Files</Filter>
    </ClCompile>
    <ClCompile Include="SceneIFC.cpp">
      <Filter>Source Files</Filter>
    </ClCompile>
    <ClCompile Include="UnSkeletal.cpp">
      <Filter>Source Files</Filter>
    </ClCompile>
    <ClCompile Include="Win32IO.cpp">
      <Filter>Source Files</Filter>
    </ClCompile>
  </ItemGroup>
  <ItemGroup>
    <ClInclude Include="ActorX.h">
      <Filter>Header Files</Filter>
    </ClInclude>
    <ClInclude Include="ActorY.h">
      <Filter>Header Files</Filter>
    </ClInclude>
    <ClInclude Include="BrushExport.h">
      <Filter>Header Files</Filter>
    </ClInclude>
    <ClInclude Include="DynArray.h">
      <Filter>Header Files</Filter>
    </ClInclude>
    <ClInclude Include="mayaHelper.h">
      <Filter>Header Files</Filter>
    </ClInclude>
    <ClInclude Include="MayaInclude.h">
      <Filter>Header Files</Filter>
    </ClInclude>
    <ClInclude Include="MayaInterface.h">
      <Filter>Header Files</Filter>
    </ClInclude>
    <ClInclude Include="Res\resource.h">
      <Filter>Header Files</Filter>
    </ClInclude>
    <ClInclude Include="SceneIFC.h">
      <Filter>Header Files</Filter>
    </ClInclude>
    <ClInclude Include="UnSkeletal.h">
      <Filter>Header Files</Filter>
    </ClInclude>
    <ClInclude Include="Vertebrate.h">
      <Filter>Header Files</Filter>
    </ClInclude>
    <ClInclude Include="Win32IO.h">
      <Filter>Header Files</Filter>
    </ClInclude>
  </ItemGroup>
  <ItemGroup>
    <None Include="Options.txt">
      <Filter>Miscellaneous Files</Filter>
    </None>
    <None Include="PCF info.txt">
      <Filter>Miscellaneous Files</Filter>
    </None>
    <None Include="ReadMe.txt">
      <Filter>Miscellaneous Files</Filter>
    </None>
    <None Include="Res\actorX.bmp">
      <Filter>Res</Filter>
    </None>
    <None Include="Res\ActorX.def">
      <Filter>Res</Filter>
    </None>
  </ItemGroup>
  <ItemGroup>
    <ResourceCompile Include="Res\ActorX.rc">
      <Filter>Res</Filter>
    </ResourceCompile>
  </ItemGroup>
</Project>