<?xml version="1.0" encoding="utf-8"?>
<Project ToolsVersion="4.0" xmlns="http://schemas.microsoft.com/developer/msbuild/2003">
  <ItemGroup>
    <Filter Include="Source Files">
      <UniqueIdentifier>{34089557-8206-45e9-a81d-bdbbe2f96be5}</UniqueIdentifier>
      <Extensions>cpp;c;cxx;rc;def;r;odl;idl;hpj;bat</Extensions>
    </Filter>
    <Filter Include="Header Files">
      <UniqueIdentifier>{7a03c9a0-bfa3-4226-995a-b9549df62ce2}</UniqueIdentifier>
      <Extensions>h;hpp;hxx;hm;inl</Extensions>
    </Filter>
    <Filter Include="Resource Files">
      <UniqueIdentifier>{42d9d413-452b-49ac-9bc1-07db00407ee2}</UniqueIdentifier>
      <Extensions>ico;cur;bmp;dlg;rc2;rct;bin;rgs;gif;jpg;jpeg;jpe</Extensions>
    </Filter>
  </ItemGroup>
  <ItemGroup>
    <ClCompile Include="ActorX.cpp">
      <Filter>Source Files</Filter>
    </ClCompile>
    <ClCompile Include="Dialogs.cpp">
      <Filter>Source Files</Filter>
    </ClCompile>
    <ClCompile Include="MaxInterface.cpp">
      <Filter>Source Files</Filter>
    </ClCompile>
    <ClCompile Include="SceneIFC.cpp">
      <Filter>Source Files</Filter>
    </ClCompile>
    <ClCompile Include="UnSkeletal.cpp">
      <Filter>Source Files</Filter>
    </ClCompile>
    <ClCompile Include="Win32IO.cpp">
      <Filter>Source Files</Filter>
    </ClCompile>
  </ItemGroup>
  <ItemGroup>
    <ClInclude Include="ActorX.h">
      <Filter>Header Files</Filter>
    </ClInclude>
    <ClInclude Include="CTL3D.H">
      <Filter>Header Files</Filter>
    </ClInclude>
    <ClInclude Include="DynArray.h">
      <Filter>Header Files</Filter>
    </ClInclude>
    <ClInclude Include="MaxInterface.h">
      <Filter>Header Files</Filter>
    </ClInclude>
    <ClInclude Include="Phyexp.h">
      <Filter>Header Files</Filter>
    </ClInclude>
    <ClInclude Include="PHYEXP3.H">
      <Filter>Header Files</Filter>
    </ClInclude>
    <ClInclude Include="PHYEXP32.H">
      <Filter>Header Files</Filter>
    </ClInclude>
    <ClInclude Include="PHYEXP3x_MAX4.H">
      <Filter>Header Files</Filter>
    </ClInclude>
    <ClInclude Include="Res\resource.h">
      <Filter>Header Files</Filter>
    </ClInclude>
    <ClInclude Include="SceneIFC.h">
      <Filter>Header Files</Filter>
    </ClInclude>
    <ClInclude Include="UnSkeletal.h">
      <Filter>Header Files</Filter>
    </ClInclude>
    <ClInclude Include="Vertebrate.h">
      <Filter>Header Files</Filter>
    </ClInclude>
    <ClInclude Include="Win32IO.h">
      <Filter>Header Files</Filter>
    </ClInclude>
  </ItemGroup>
  <ItemGroup>
    <None Include="Res\actorX.bmp">
      <Filter>Resource Files</Filter>
    </None>
  </ItemGroup>
  <ItemGroup>
    <ResourceCompile Include="Res\ActorX.rc">
      <Filter>Resource Files</Filter>
    </ResourceCompile>
  </ItemGroup>
</Project>